
Microsoft Visual Studio Solution File, Format Version 12.00
# Visual Studio Version 16
VisualStudioVersion = 16.0.31702.278
MinimumVisualStudioVersion = 10.0.40219.1
Project("{9A19103F-16F7-4668-BE54-9A1E7A4F7556}") = "Math", "Math\Math.csproj", "{F1E23ED6-920C-4239-AA20-29D66D735D27}"
EndProject
Project("{FAE04EC0-301F-11D3-BF4B-00C04F79EFBC}") = "TestUI", "TestUI\TestUI.csproj", "{4D87CDF5-683C-4D08-94AA-C0F5FE5C3485}"
	ProjectSection(ProjectDependencies) = postProject
		{F1E23ED6-920C-4239-AA20-29D66D735D27} = {F1E23ED6-920C-4239-AA20-29D66D735D27}
	EndProjectSection
EndProject
Global
	GlobalSection(SolutionConfigurationPlatforms) = preSolution
		Debug|Any CPU = Debug|Any CPU
		Release|Any CPU = Release|Any CPU
	EndGlobalSection
	GlobalSection(ProjectConfigurationPlatforms) = postSolution
		{F1E23ED6-920C-4239-AA20-29D66D735D27}.Debug|Any CPU.ActiveCfg = Debug|Any CPU
		{F1E23ED6-920C-4239-AA20-29D66D735D27}.Debug|Any CPU.Build.0 = Debug|Any CPU
		{F1E23ED6-920C-4239-AA20-29D66D735D27}.Release|Any CPU.ActiveCfg = Release|Any CPU
		{F1E23ED6-920C-4239-AA20-29D66D735D27}.Release|Any CPU.Build.0 = Release|Any CPU
		{4D87CDF5-683C-4D08-94AA-C0F5FE5C3485}.Debug|Any CPU.ActiveCfg = Debug|Any CPU
		{4D87CDF5-683C-4D08-94AA-C0F5FE5C3485}.Debug|Any CPU.Build.0 = Debug|Any CPU
		{4D87CDF5-683C-4D08-94AA-C0F5FE5C3485}.Release|Any CPU.ActiveCfg = Release|Any CPU
		{4D87CDF5-683C-4D08-94AA-C0F5FE5C3485}.Release|Any CPU.Build.0 = Release|Any CPU
	EndGlobalSection
	GlobalSection(SolutionProperties) = preSolution
		HideSolutionNode = FALSE
	EndGlobalSection
	GlobalSection(ExtensibilityGlobals) = postSolution
		SolutionGuid = {F2F3D2B6-1ED8-44BE-B770-9EC7155C0F47}
	EndGlobalSection
EndGlobal
